[[package]]
name = "asgiref"
version = "3.5.2"
description = "ASGI specs, helper code, and adapters"
category = "main"
optional = false
python-versions = ">=3.7"

[package.dependencies]
typing-extensions = {version = "*", markers = "python_version < \"3.8\""}

[package.extras]
tests = ["pytest", "pytest-asyncio", "mypy (>=0.800)"]

[[package]]
name = "boto3"
version = "1.26.30"
description = "The AWS SDK for Python"
category = "main"
optional = false
python-versions = ">= 3.7"

[package.dependencies]
botocore = ">=1.29.30,<1.30.0"
jmespath = ">=0.7.1,<2.0.0"
s3transfer = ">=0.6.0,<0.7.0"

[package.extras]
crt = ["botocore[crt] (>=1.21.0,<2.0a0)"]

[[package]]
name = "botocore"
version = "1.29.30"
description = "Low-level, data-driven core of boto 3."
category = "main"
optional = false
python-versions = ">= 3.7"

[package.dependencies]
jmespath = ">=0.7.1,<2.0.0"
python-dateutil = ">=2.1,<3.0.0"
urllib3 = ">=1.25.4,<1.27"

[package.extras]
crt = ["awscrt (==0.15.3)"]

[[package]]
name = "certifi"
version = "2022.12.7"
description = "Python package for providing Mozilla's CA Bundle."
category = "main"
optional = true
python-versions = ">=3.6"

[[package]]
name = "cffi"
version = "1.15.1"
description = "Foreign Function Interface for Python calling C code."
category = "main"
optional = true
python-versions = "*"

[package.dependencies]
pycparser = "*"

[[package]]
name = "charset-normalizer"
version = "2.1.1"
description = "The Real First Universal Charset Detector. Open, modern and actively maintained alternative to Chardet."
category = "main"
optional = true
python-versions = ">=3.6.0"

[package.extras]
unicode_backport = ["unicodedata2"]

[[package]]
name = "colorama"
version = "0.4.6"
description = "Cross-platform colored terminal text."
category = "dev"
optional = false
python-versions = "!=3.0.*,!=3.1.*,!=3.2.*,!=3.3.*,!=3.4.*,!=3.5.*,!=3.6.*,>=2.7"

[[package]]
name = "cryptography"
version = "38.0.4"
description = "cryptography is a package which provides cryptographic recipes and primitives to Python developers."
category = "main"
optional = true
python-versions = ">=3.6"

[package.dependencies]
cffi = ">=1.12"

[package.extras]
docs = ["sphinx (>=1.6.5,!=1.8.0,!=3.1.0,!=3.1.1)", "sphinx-rtd-theme"]
docstest = ["pyenchant (>=1.6.11)", "twine (>=1.12.0)", "sphinxcontrib-spelling (>=4.0.1)"]
pep8test = ["black", "flake8", "flake8-import-order", "pep8-naming"]
sdist = ["setuptools-rust (>=0.11.4)"]
ssh = ["bcrypt (>=3.1.5)"]
test = ["pytest (>=6.2.0)", "pytest-benchmark", "pytest-cov", "pytest-subtests", "pytest-xdist", "pretend", "iso8601", "pytz", "hypothesis (>=1.11.4,!=3.79.2)"]

[[package]]
name = "distlib"
version = "0.3.6"
description = "Distribution utilities"
category = "dev"
optional = false
python-versions = "*"

[[package]]
name = "django"
version = "3.2.16"
description = "A high-level Python Web framework that encourages rapid development and clean, pragmatic design."
category = "main"
optional = false
python-versions = ">=3.6"

[package.dependencies]
asgiref = ">=3.3.2,<4"
pytz = "*"
sqlparse = ">=0.2.2"

[package.extras]
argon2 = ["argon2-cffi (>=19.1.0)"]
bcrypt = ["bcrypt"]

[[package]]
name = "filelock"
version = "3.8.2"
description = "A platform independent file lock."
category = "dev"
optional = false
python-versions = ">=3.7"

[package.extras]
docs = ["furo (>=2022.9.29)", "sphinx (>=5.3)", "sphinx-autodoc-typehints (>=1.19.5)"]
testing = ["covdefaults (>=2.2.2)", "coverage (>=6.5)", "pytest (>=7.2)", "pytest-cov (>=4)", "pytest-timeout (>=2.1)"]

[[package]]
name = "freezegun"
version = "1.2.2"
description = "Let your Python tests travel through time"
category = "main"
optional = false
python-versions = ">=3.6"

[package.dependencies]
python-dateutil = ">=2.7"

[[package]]
name = "idna"
version = "3.4"
description = "Internationalized Domain Names in Applications (IDNA)"
category = "main"
optional = true
python-versions = ">=3.5"

[[package]]
name = "importlib-metadata"
version = "5.1.0"
description = "Read metadata from Python packages"
category = "main"
optional = false
python-versions = ">=3.7"

[package.dependencies]
typing-extensions = {version = ">=3.6.4", markers = "python_version < \"3.8\""}
zipp = ">=0.5"

[package.extras]
docs = ["sphinx (>=3.5)", "jaraco.packaging (>=9)", "rst.linker (>=1.9)", "furo", "jaraco.tidelift (>=1.4)"]
perf = ["ipython"]
testing = ["pytest (>=6)", "pytest-checkdocs (>=2.4)", "flake8 (<5)", "pytest-cov", "pytest-enabler (>=1.3)", "packaging", "pyfakefs", "flufl.flake8", "pytest-perf (>=0.9.2)", "pytest-black (>=0.3.7)", "pytest-mypy (>=0.9.1)", "pytest-flake8", "importlib-resources (>=1.3)"]

[[package]]
name = "jmespath"
version = "1.0.1"
description = "JSON Matching Expressions"
category = "main"
optional = false
python-versions = ">=3.7"

[[package]]
name = "packaging"
version = "22.0"
description = "Core utilities for Python packages"
category = "dev"
optional = false
python-versions = ">=3.7"

[[package]]
name = "platformdirs"
version = "2.6.0"
description = "A small Python package for determining appropriate platform-specific dirs, e.g. a \"user data dir\"."
category = "dev"
optional = false
python-versions = ">=3.7"

[package.extras]
docs = ["furo (>=2022.9.29)", "proselint (>=0.13)", "sphinx-autodoc-typehints (>=1.19.4)", "sphinx (>=5.3)"]
test = ["appdirs (==1.4.4)", "pytest-cov (>=4)", "pytest-mock (>=3.10)", "pytest (>=7.2)"]

[[package]]
name = "pluggy"
version = "1.0.0"
description = "plugin and hook calling mechanisms for python"
category = "dev"
optional = false
python-versions = ">=3.6"

[package.dependencies]
importlib-metadata = {version = ">=0.12", markers = "python_version < \"3.8\""}

[package.extras]
dev = ["pre-commit", "tox"]
testing = ["pytest", "pytest-benchmark"]

[[package]]
name = "py"
version = "1.11.0"
description = "library with cross-python path, ini-parsing, io, code, log facilities"
category = "dev"
optional = false
python-versions = ">=2.7, !=3.0.*, !=3.1.*, !=3.2.*, !=3.3.*, !=3.4.*"

[[package]]
name = "pycparser"
version = "2.21"
description = "C parser in Python"
category = "main"
optional = true
python-versions = ">=2.7, !=3.0.*, !=3.1.*, !=3.2.*, !=3.3.*"

[[package]]
name = "python-dateutil"
version = "2.8.2"
description = "Extensions to the standard Python datetime module"
category = "main"
optional = false
python-versions = "!=3.0.*,!=3.1.*,!=3.2.*,>=2.7"

[package.dependencies]
six = ">=1.5"

[[package]]
name = "pytz"
version = "2022.6"
description = "World timezone definitions, modern and historical"
category = "main"
optional = false
python-versions = "*"

[[package]]
name = "requests"
version = "2.28.1"
description = "Python HTTP for Humans."
category = "main"
optional = true
python-versions = ">=3.7, <4"

[package.dependencies]
certifi = ">=2017.4.17"
charset-normalizer = ">=2,<3"
idna = ">=2.5,<4"
urllib3 = ">=1.21.1,<1.27"

[package.extras]
use_chardet_on_py3 = ["chardet (>=3.0.2,<6)"]
socks = ["PySocks (>=1.5.6,!=1.5.7)"]

[[package]]
name = "s3transfer"
version = "0.6.0"
description = "An Amazon S3 Transfer Manager"
category = "main"
optional = false
python-versions = ">= 3.7"

[package.dependencies]
botocore = ">=1.12.36,<2.0a.0"

[package.extras]
crt = ["botocore[crt] (>=1.20.29,<2.0a.0)"]

[[package]]
name = "six"
version = "1.16.0"
description = "Python 2 and 3 compatibility utilities"
category = "main"
optional = false
python-versions = ">=2.7, !=3.0.*, !=3.1.*, !=3.2.*"

[[package]]
name = "sqlparse"
version = "0.4.3"
description = "A non-validating SQL parser."
category = "main"
optional = false
python-versions = ">=3.5"

[[package]]
name = "tomli"
version = "2.0.1"
description = "A lil' TOML parser"
category = "dev"
optional = false
python-versions = ">=3.7"

[[package]]
name = "tox"
version = "3.27.1"
description = "tox is a generic virtualenv management and test command line tool"
category = "dev"
optional = false
python-versions = "!=3.0.*,!=3.1.*,!=3.2.*,!=3.3.*,!=3.4.*,>=2.7"

[package.dependencies]
colorama = {version = ">=0.4.1", markers = "platform_system == \"Windows\""}
filelock = ">=3.0.0"
importlib-metadata = {version = ">=0.12", markers = "python_version < \"3.8\""}
packaging = ">=14"
pluggy = ">=0.12.0"
py = ">=1.4.17"
six = ">=1.14.0"
tomli = {version = ">=2.0.1", markers = "python_version >= \"3.7\" and python_version < \"3.11\""}
virtualenv = ">=16.0.0,<20.0.0 || >20.0.0,<20.0.1 || >20.0.1,<20.0.2 || >20.0.2,<20.0.3 || >20.0.3,<20.0.4 || >20.0.4,<20.0.5 || >20.0.5,<20.0.6 || >20.0.6,<20.0.7 || >20.0.7"

[package.extras]
docs = ["pygments-github-lexers (>=0.0.5)", "sphinx (>=2.0.0)", "sphinxcontrib-autoprogram (>=0.1.5)", "towncrier (>=18.5.0)"]
testing = ["flaky (>=3.4.0)", "freezegun (>=0.3.11)", "pytest (>=4.0.0)", "pytest-cov (>=2.5.1)", "pytest-mock (>=1.10.0)", "pytest-randomly (>=1.0.0)", "psutil (>=5.6.1)", "pathlib2 (>=2.3.3)"]

[[package]]
name = "typing-extensions"
version = "4.4.0"
description = "Backported and Experimental Type Hints for Python 3.7+"
category = "main"
optional = false
python-versions = ">=3.7"

[[package]]
name = "urllib3"
version = "1.26.13"
description = "HTTP library with thread-safe connection pooling, file post, and more."
category = "main"
optional = false
python-versions = ">=2.7, !=3.0.*, !=3.1.*, !=3.2.*, !=3.3.*, !=3.4.*, !=3.5.*"

[package.extras]
brotli = ["brotlicffi (>=0.8.0)", "brotli (>=1.0.9)", "brotlipy (>=0.6.0)"]
secure = ["pyOpenSSL (>=0.14)", "cryptography (>=1.3.4)", "idna (>=2.0.0)", "certifi", "urllib3-secure-extra", "ipaddress"]
socks = ["PySocks (>=1.5.6,!=1.5.7,<2.0)"]

[[package]]
name = "virtualenv"
version = "20.17.1"
description = "Virtual Python Environment builder"
category = "dev"
optional = false
python-versions = ">=3.6"

[package.dependencies]
distlib = ">=0.3.6,<1"
filelock = ">=3.4.1,<4"
importlib-metadata = {version = ">=4.8.3", markers = "python_version < \"3.8\""}
platformdirs = ">=2.4,<3"

[package.extras]
docs = ["proselint (>=0.13)", "sphinx (>=5.3)", "sphinx-argparse (>=0.3.2)", "sphinx-rtd-theme (>=1)", "towncrier (>=22.8)"]
testing = ["coverage (>=6.2)", "coverage-enable-subprocess (>=1)", "flaky (>=3.7)", "packaging (>=21.3)", "pytest (>=7.0.1)", "pytest-env (>=0.6.2)", "pytest-freezegun (>=0.4.2)", "pytest-mock (>=3.6.1)", "pytest-randomly (>=3.10.3)", "pytest-timeout (>=2.1)"]

[[package]]
name = "zipp"
version = "3.11.0"
description = "Backport of pathlib-compatible object wrapper for zip files"
category = "main"
optional = false
python-versions = ">=3.7"

[package.extras]
docs = ["sphinx (>=3.5)", "jaraco.packaging (>=9)", "rst.linker (>=1.9)", "furo", "jaraco.tidelift (>=1.4)"]
testing = ["pytest (>=6)", "pytest-checkdocs (>=2.4)", "flake8 (<5)", "pytest-cov", "pytest-enabler (>=1.3)", "jaraco.itertools", "func-timeout", "jaraco.functools", "more-itertools", "pytest-black (>=0.3.7)", "pytest-mypy (>=0.9.1)", "pytest-flake8"]

[extras]
bounce = ["requests", "cryptography"]
events = ["requests", "cryptography"]

[metadata]
lock-version = "1.1"
python-versions = "^3.7"
content-hash = "a0b334e4020abab5459d4f78225478abc5c5b30ded0c6dea7981e4550d5046db"

[metadata.files]
asgiref = [
    {file = "asgiref-3.5.2-py3-none-any.whl", hash = "sha256:1d2880b792ae8757289136f1db2b7b99100ce959b2aa57fd69dab783d05afac4"},
    {file = "asgiref-3.5.2.tar.gz", hash = "sha256:4a29362a6acebe09bf1d6640db38c1dc3d9217c68e6f9f6204d72667fc19a424"},
]
boto3 = []
botocore = []
certifi = []
cffi = []
charset-normalizer = []
colorama = []
cryptography = []
distlib = []
django = []
filelock = []
freezegun = []
idna = []
importlib-metadata = []
jmespath = [
    {file = "jmespath-1.0.1-py3-none-any.whl", hash = "sha256:02e2e4cc71b5bcab88332eebf907519190dd9e6e82107fa7f83b1003a6252980"},
    {file = "jmespath-1.0.1.tar.gz", hash = "sha256:90261b206d6defd58fdd5e85f478bf633a2901798906be2ad389150c5c60edbe"},
]
packaging = []
platformdirs = []
pluggy = [
    {file = "pluggy-1.0.0-py2.py3-none-any.whl", hash = "sha256:74134bbf457f031a36d68416e1509f34bd5ccc019f0bcc952c7b909d06b37bd3"},
    {file = "pluggy-1.0.0.tar.gz", hash = "sha256:4224373bacce55f955a878bf9cfa763c1e360858e330072059e10bad68531159"},
]
py = [
    {file = "py-1.11.0-py2.py3-none-any.whl", hash = "sha256:607c53218732647dff4acdfcd50cb62615cedf612e72d1724fb1a0cc6405b378"},
    {file = "py-1.11.0.tar.gz", hash = "sha256:51c75c4126074b472f746a24399ad32f6053d1b34b68d2fa41e558e6f4a98719"},
]
pycparser = [
    {file = "pycparser-2.21-py2.py3-none-any.whl", hash = "sha256:8ee45429555515e1f6b185e78100aea234072576aa43ab53aefcae078162fca9"},
    {file = "pycparser-2.21.tar.gz", hash = "sha256:e644fdec12f7872f86c58ff790da456218b10f863970249516d60a5eaca77206"},
]
python-dateutil = [
    {file = "python-dateutil-2.8.2.tar.gz", hash = "sha256:0123cacc1627ae19ddf3c27a5de5bd67ee4586fbdd6440d9748f8abb483d3e86"},
    {file = "python_dateutil-2.8.2-py2.py3-none-any.whl", hash = "sha256:961d03dc3453ebbc59dbdea9e4e11c5651520a876d0f4db161e8674aae935da9"},
]
pytz = []
requests = []
s3transfer = [
    {file = "s3transfer-0.6.0-py3-none-any.whl", hash = "sha256:06176b74f3a15f61f1b4f25a1fc29a4429040b7647133a463da8fa5bd28d5ecd"},
    {file = "s3transfer-0.6.0.tar.gz", hash = "sha256:2ed07d3866f523cc561bf4a00fc5535827981b117dd7876f036b0c1aca42c947"},
]
six = [
    {file = "six-1.16.0-py2.py3-none-any.whl", hash = "sha256:8abb2f1d86890a2dfb989f9a77cfcfd3e47c2a354b01111771326f8aa26e0254"},
    {file = "six-1.16.0.tar.gz", hash = "sha256:1e61c37477a1626458e36f7b1d82aa5c9b094fa4802892072e49de9c60c4c926"},
]
sqlparse = []
tomli = [
    {file = "tomli-2.0.1-py3-none-any.whl", hash = "sha256:939de3e7a6161af0c887ef91b7d41a53e7c5a1ca976325f429cb46ea9bc30ecc"},
    {file = "tomli-2.0.1.tar.gz", hash = "sha256:de526c12914f0c550d15924c62d72abc48d6fe7364aa87328337a31007fe8a4f"},
]
tox = []
typing-extensions = []
urllib3 = []
virtualenv = []
zipp = []
